// !$*UTF8*$!
{
	archiveVersion = 1;
	classes = {
	};
	objectVersion = 50;
	objects = {

/* Begin PBXBuildFile section */
		41FF53B3DAC15D963B1D02B1 /* Pods_HackChef.framework in Frameworks */ = {isa = PBXBuildFile; fileRef = CB93D10467DB42AABF6FE08B /* Pods_HackChef.framework */; };
		9126D504212A37F400E96247 /* IngredientDetailViewController.swift in Sources */ = {isa = PBXBuildFile; fileRef = 9126D503212A37F400E96247 /* IngredientDetailViewController.swift */; };
		9126D506212A430500E96247 /* CommentCell.swift in Sources */ = {isa = PBXBuildFile; fileRef = 9126D505212A430500E96247 /* CommentCell.swift */; };
		9126D508212A435300E96247 /* CommentReplyCell.swift in Sources */ = {isa = PBXBuildFile; fileRef = 9126D507212A435300E96247 /* CommentReplyCell.swift */; };
		9175C07B212F6ED00094CF66 /* KPItem.swift in Sources */ = {isa = PBXBuildFile; fileRef = 9175C077212F6ECF0094CF66 /* KPItem.swift */; };
		9175C07C212F6ED00094CF66 /* KPActionSheet.swift in Sources */ = {isa = PBXBuildFile; fileRef = 9175C078212F6ECF0094CF66 /* KPActionSheet.swift */; };
		9175C07D212F6ED00094CF66 /* KPItemView.swift in Sources */ = {isa = PBXBuildFile; fileRef = 9175C079212F6ECF0094CF66 /* KPItemView.swift */; };
		9175C07E212F6ED00094CF66 /* KPItemView.xib in Resources */ = {isa = PBXBuildFile; fileRef = 9175C07A212F6ED00094CF66 /* KPItemView.xib */; };
		9175C0802132E35E0094CF66 /* CommentsViewController.swift in Sources */ = {isa = PBXBuildFile; fileRef = 9175C07F2132E35E0094CF66 /* CommentsViewController.swift */; };
		9175C0832132E3BD0094CF66 /* Comment.swift in Sources */ = {isa = PBXBuildFile; fileRef = 9175C0822132E3BD0094CF66 /* Comment.swift */; };
		9175C0852134D7F10094CF66 /* CommentCell.xib in Resources */ = {isa = PBXBuildFile; fileRef = 9175C0842134D7F10094CF66 /* CommentCell.xib */; };
		919CEB08211F7123007B4765 /* AppDelegate.swift in Sources */ = {isa = PBXBuildFile; fileRef = 919CEB07211F7123007B4765 /* AppDelegate.swift */; };
		919CEB0A211F7123007B4765 /* RecipeOverviewVC.swift in Sources */ = {isa = PBXBuildFile; fileRef = 919CEB09211F7123007B4765 /* RecipeOverviewVC.swift */; };
		919CEB0D211F7123007B4765 /* Main.storyboard in Resources */ = {isa = PBXBuildFile; fileRef = 919CEB0B211F7123007B4765 /* Main.storyboard */; };
		919CEB0F211F7124007B4765 /* Assets.xcassets in Resources */ = {isa = PBXBuildFile; fileRef = 919CEB0E211F7124007B4765 /* Assets.xcassets */; };
		919CEB12211F7124007B4765 /* LaunchScreen.storyboard in Resources */ = {isa = PBXBuildFile; fileRef = 919CEB10211F7124007B4765 /* LaunchScreen.storyboard */; };
		919CEB23211F7931007B4765 /* WorkSans-Regular.ttf in Resources */ = {isa = PBXBuildFile; fileRef = 919CEB1A211F7930007B4765 /* WorkSans-Regular.ttf */; };
		919CEB24211F7931007B4765 /* WorkSans-SemiBold.ttf in Resources */ = {isa = PBXBuildFile; fileRef = 919CEB1B211F7930007B4765 /* WorkSans-SemiBold.ttf */; };
		919CEB25211F7931007B4765 /* WorkSans-ExtraBold.ttf in Resources */ = {isa = PBXBuildFile; fileRef = 919CEB1C211F7930007B4765 /* WorkSans-ExtraBold.ttf */; };
		919CEB26211F7931007B4765 /* WorkSans-Light.ttf in Resources */ = {isa = PBXBuildFile; fileRef = 919CEB1D211F7930007B4765 /* WorkSans-Light.ttf */; };
		919CEB27211F7931007B4765 /* WorkSans-Black.ttf in Resources */ = {isa = PBXBuildFile; fileRef = 919CEB1E211F7930007B4765 /* WorkSans-Black.ttf */; };
		919CEB28211F7931007B4765 /* WorkSans-Bold.ttf in Resources */ = {isa = PBXBuildFile; fileRef = 919CEB1F211F7930007B4765 /* WorkSans-Bold.ttf */; };
		919CEB29211F7931007B4765 /* WorkSans-Medium.ttf in Resources */ = {isa = PBXBuildFile; fileRef = 919CEB20211F7930007B4765 /* WorkSans-Medium.ttf */; };
		919CEB2A211F7931007B4765 /* WorkSans-ExtraLight.ttf in Resources */ = {isa = PBXBuildFile; fileRef = 919CEB21211F7930007B4765 /* WorkSans-ExtraLight.ttf */; };
		919CEB2B211F7931007B4765 /* WorkSans-Thin.ttf in Resources */ = {isa = PBXBuildFile; fileRef = 919CEB22211F7931007B4765 /* WorkSans-Thin.ttf */; };
		919CEB2D211F8738007B4765 /* DottedBorderView.swift in Sources */ = {isa = PBXBuildFile; fileRef = 919CEB2C211F8738007B4765 /* DottedBorderView.swift */; };
		919CEB2F211F87EB007B4765 /* Extensions.swift in Sources */ = {isa = PBXBuildFile; fileRef = 919CEB2E211F87EB007B4765 /* Extensions.swift */; };
		919CEB31211FB5CF007B4765 /* IngredientViewController.swift in Sources */ = {isa = PBXBuildFile; fileRef = 919CEB30211FB5CF007B4765 /* IngredientViewController.swift */; };
		919CEB34211FB9C9007B4765 /* HCHighlightedButton.swift in Sources */ = {isa = PBXBuildFile; fileRef = 919CEB33211FB9C9007B4765 /* HCHighlightedButton.swift */; };
		919CEB36211FCA64007B4765 /* Constants.swift in Sources */ = {isa = PBXBuildFile; fileRef = 919CEB35211FCA64007B4765 /* Constants.swift */; };
		919CEB38212061AB007B4765 /* TableViewCell.swift in Sources */ = {isa = PBXBuildFile; fileRef = 919CEB37212061AB007B4765 /* TableViewCell.swift */; };
		91A33443214532C100ED4F7D /* CookingStepNavController.swift in Sources */ = {isa = PBXBuildFile; fileRef = 91A33442214532C100ED4F7D /* CookingStepNavController.swift */; };
		91BC24E72135942B009861FA /* CommentReplyCell.xib in Resources */ = {isa = PBXBuildFile; fileRef = 91BC24E62135942B009861FA /* CommentReplyCell.xib */; };
		91BC4448212B5BA5005EFEBF /* CookingStepViewController.swift in Sources */ = {isa = PBXBuildFile; fileRef = 91BC4447212B5BA5005EFEBF /* CookingStepViewController.swift */; };
/* End PBXBuildFile section */

/* Begin PBXFileReference section */
		4F06C46D5BC43E71636FCE91 /* Pods-HackChef.debug.xcconfig */ = {isa = PBXFileReference; includeInIndex = 1; lastKnownFileType = text.xcconfig; name = "Pods-HackChef.debug.xcconfig"; path = "Pods/Target Support Files/Pods-HackChef/Pods-HackChef.debug.xcconfig"; sourceTree = "<group>"; };
		9126D503212A37F400E96247 /* IngredientDetailViewController.swift */ = {isa = PBXFileReference; lastKnownFileType = sourcecode.swift; path = IngredientDetailViewController.swift; sourceTree = "<group>"; };
		9126D505212A430500E96247 /* CommentCell.swift */ = {isa = PBXFileReference; lastKnownFileType = sourcecode.swift; path = CommentCell.swift; sourceTree = "<group>"; };
		9126D507212A435300E96247 /* CommentReplyCell.swift */ = {isa = PBXFileReference; lastKnownFileType = sourcecode.swift; path = CommentReplyCell.swift; sourceTree = "<group>"; };
		9175C077212F6ECF0094CF66 /* KPItem.swift */ = {isa = PBXFileReference; fileEncoding = 4; lastKnownFileType = sourcecode.swift; path = KPItem.swift; sourceTree = "<group>"; };
		9175C078212F6ECF0094CF66 /* KPActionSheet.swift */ = {isa = PBXFileReference; fileEncoding = 4; lastKnownFileType = sourcecode.swift; path = KPActionSheet.swift; sourceTree = "<group>"; };
		9175C079212F6ECF0094CF66 /* KPItemView.swift */ = {isa = PBXFileReference; fileEncoding = 4; lastKnownFileType = sourcecode.swift; path = KPItemView.swift; sourceTree = "<group>"; };
		9175C07A212F6ED00094CF66 /* KPItemView.xib */ = {isa = PBXFileReference; fileEncoding = 4; lastKnownFileType = file.xib; path = KPItemView.xib; sourceTree = "<group>"; };
		9175C07F2132E35E0094CF66 /* CommentsViewController.swift */ = {isa = PBXFileReference; lastKnownFileType = sourcecode.swift; path = CommentsViewController.swift; sourceTree = "<group>"; };
		9175C0822132E3BD0094CF66 /* Comment.swift */ = {isa = PBXFileReference; lastKnownFileType = sourcecode.swift; path = Comment.swift; sourceTree = "<group>"; };
		9175C0842134D7F10094CF66 /* CommentCell.xib */ = {isa = PBXFileReference; lastKnownFileType = file.xib; path = CommentCell.xib; sourceTree = "<group>"; };
		919CEB04211F7123007B4765 /* HackChef.app */ = {isa = PBXFileReference; explicitFileType = wrapper.application; includeInIndex = 0; path = HackChef.app; sourceTree = BUILT_PRODUCTS_DIR; };
		919CEB07211F7123007B4765 /* AppDelegate.swift */ = {isa = PBXFileReference; lastKnownFileType = sourcecode.swift; path = AppDelegate.swift; sourceTree = "<group>"; };
		919CEB09211F7123007B4765 /* RecipeOverviewVC.swift */ = {isa = PBXFileReference; lastKnownFileType = sourcecode.swift; path = RecipeOverviewVC.swift; sourceTree = "<group>"; };
		919CEB0C211F7123007B4765 /* Base */ = {isa = PBXFileReference; lastKnownFileType = file.storyboard; name = Base; path = Base.lproj/Main.storyboard; sourceTree = "<group>"; };
		919CEB0E211F7124007B4765 /* Assets.xcassets */ = {isa = PBXFileReference; lastKnownFileType = folder.assetcatalog; path = Assets.xcassets; sourceTree = "<group>"; };
		919CEB11211F7124007B4765 /* Base */ = {isa = PBXFileReference; lastKnownFileType = file.storyboard; name = Base; path = Base.lproj/LaunchScreen.storyboard; sourceTree = "<group>"; };
		919CEB13211F7124007B4765 /* Info.plist */ = {isa = PBXFileReference; lastKnownFileType = text.plist.xml; path = Info.plist; sourceTree = "<group>"; };
		919CEB1A211F7930007B4765 /* WorkSans-Regular.ttf */ = {isa = PBXFileReference; lastKnownFileType = file; path = "WorkSans-Regular.ttf"; sourceTree = "<group>"; };
		919CEB1B211F7930007B4765 /* WorkSans-SemiBold.ttf */ = {isa = PBXFileReference; lastKnownFileType = file; path = "WorkSans-SemiBold.ttf"; sourceTree = "<group>"; };
		919CEB1C211F7930007B4765 /* WorkSans-ExtraBold.ttf */ = {isa = PBXFileReference; lastKnownFileType = file; path = "WorkSans-ExtraBold.ttf"; sourceTree = "<group>"; };
		919CEB1D211F7930007B4765 /* WorkSans-Light.ttf */ = {isa = PBXFileReference; lastKnownFileType = file; path = "WorkSans-Light.ttf"; sourceTree = "<group>"; };
		919CEB1E211F7930007B4765 /* WorkSans-Black.ttf */ = {isa = PBXFileReference; lastKnownFileType = file; path = "WorkSans-Black.ttf"; sourceTree = "<group>"; };
		919CEB1F211F7930007B4765 /* WorkSans-Bold.ttf */ = {isa = PBXFileReference; lastKnownFileType = file; path = "WorkSans-Bold.ttf"; sourceTree = "<group>"; };
		919CEB20211F7930007B4765 /* WorkSans-Medium.ttf */ = {isa = PBXFileReference; lastKnownFileType = file; path = "WorkSans-Medium.ttf"; sourceTree = "<group>"; };
		919CEB21211F7930007B4765 /* WorkSans-ExtraLight.ttf */ = {isa = PBXFileReference; lastKnownFileType = file; path = "WorkSans-ExtraLight.ttf"; sourceTree = "<group>"; };
		919CEB22211F7931007B4765 /* WorkSans-Thin.ttf */ = {isa = PBXFileReference; lastKnownFileType = file; path = "WorkSans-Thin.ttf"; sourceTree = "<group>"; };
		919CEB2C211F8738007B4765 /* DottedBorderView.swift */ = {isa = PBXFileReference; lastKnownFileType = sourcecode.swift; name = DottedBorderView.swift; path = HackChef/DottedBorderView.swift; sourceTree = SOURCE_ROOT; };
		919CEB2E211F87EB007B4765 /* Extensions.swift */ = {isa = PBXFileReference; lastKnownFileType = sourcecode.swift; path = Extensions.swift; sourceTree = "<group>"; };
		919CEB30211FB5CF007B4765 /* IngredientViewController.swift */ = {isa = PBXFileReference; lastKnownFileType = sourcecode.swift; path = IngredientViewController.swift; sourceTree = "<group>"; };
		919CEB33211FB9C9007B4765 /* HCHighlightedButton.swift */ = {isa = PBXFileReference; lastKnownFileType = sourcecode.swift; path = HCHighlightedButton.swift; sourceTree = "<group>"; };
		919CEB35211FCA64007B4765 /* Constants.swift */ = {isa = PBXFileReference; lastKnownFileType = sourcecode.swift; path = Constants.swift; sourceTree = "<group>"; };
		919CEB37212061AB007B4765 /* TableViewCell.swift */ = {isa = PBXFileReference; lastKnownFileType = sourcecode.swift; path = TableViewCell.swift; sourceTree = "<group>"; };
		91A33442214532C100ED4F7D /* CookingStepNavController.swift */ = {isa = PBXFileReference; lastKnownFileType = sourcecode.swift; path = CookingStepNavController.swift; sourceTree = "<group>"; };
		91BC24E62135942B009861FA /* CommentReplyCell.xib */ = {isa = PBXFileReference; lastKnownFileType = file.xib; path = CommentReplyCell.xib; sourceTree = "<group>"; };
		91BC4447212B5BA5005EFEBF /* CookingStepViewController.swift */ = {isa = PBXFileReference; lastKnownFileType = sourcecode.swift; path = CookingStepViewController.swift; sourceTree = "<group>"; };
		CB93D10467DB42AABF6FE08B /* Pods_HackChef.framework */ = {isa = PBXFileReference; explicitFileType = wrapper.framework; includeInIndex = 0; path = Pods_HackChef.framework; sourceTree = BUILT_PRODUCTS_DIR; };
		DEEF422BD96CFDA8D2E1632D /* Pods-HackChef.release.xcconfig */ = {isa = PBXFileReference; includeInIndex = 1; lastKnownFileType = text.xcconfig; name = "Pods-HackChef.release.xcconfig"; path = "Pods/Target Support Files/Pods-HackChef/Pods-HackChef.release.xcconfig"; sourceTree = "<group>"; };
/* End PBXFileReference section */

/* Begin PBXFrameworksBuildPhase section */
		919CEB01211F7122007B4765 /* Frameworks */ = {
			isa = PBXFrameworksBuildPhase;
			buildActionMask = 2147483647;
			files = (
				41FF53B3DAC15D963B1D02B1 /* Pods_HackChef.framework in Frameworks */,
			);
			runOnlyForDeploymentPostprocessing = 0;
		};
/* End PBXFrameworksBuildPhase section */

/* Begin PBXGroup section */
		033F17F410D2322ADE501434 /* Frameworks */ = {
			isa = PBXGroup;
			children = (
				CB93D10467DB42AABF6FE08B /* Pods_HackChef.framework */,
			);
			name = Frameworks;
			sourceTree = "<group>";
		};
		9175C0812132E3AD0094CF66 /* Model */ = {
			isa = PBXGroup;
			children = (
				9175C0822132E3BD0094CF66 /* Comment.swift */,
			);
			path = Model;
			sourceTree = "<group>";
		};
		919CEAFB211F7122007B4765 = {
			isa = PBXGroup;
			children = (
				919CEB06211F7123007B4765 /* HackChef */,
				919CEB32211FB5E4007B4765 /* Supporting */,
				919CEB05211F7123007B4765 /* Products */,
				E9706CBE52A671D94B39044E /* Pods */,
				033F17F410D2322ADE501434 /* Frameworks */,
			);
			sourceTree = "<group>";
		};
		919CEB05211F7123007B4765 /* Products */ = {
			isa = PBXGroup;
			children = (
				919CEB04211F7123007B4765 /* HackChef.app */,
			);
			name = Products;
			sourceTree = "<group>";
		};
		919CEB06211F7123007B4765 /* HackChef */ = {
			isa = PBXGroup;
			children = (
				91A33442214532C100ED4F7D /* CookingStepNavController.swift */,
				9175C0812132E3AD0094CF66 /* Model */,
				919CEB0B211F7123007B4765 /* Main.storyboard */,
				919CEB33211FB9C9007B4765 /* HCHighlightedButton.swift */,
				919CEB07211F7123007B4765 /* AppDelegate.swift */,
				919CEB2C211F8738007B4765 /* DottedBorderView.swift */,
				919CEB30211FB5CF007B4765 /* IngredientViewController.swift */,
				9126D503212A37F400E96247 /* IngredientDetailViewController.swift */,
				919CEB37212061AB007B4765 /* TableViewCell.swift */,
				919CEB09211F7123007B4765 /* RecipeOverviewVC.swift */,
				91BC4447212B5BA5005EFEBF /* CookingStepViewController.swift */,
				919CEB13211F7124007B4765 /* Info.plist */,
				9126D505212A430500E96247 /* CommentCell.swift */,
				9126D507212A435300E96247 /* CommentReplyCell.swift */,
				9175C07F2132E35E0094CF66 /* CommentsViewController.swift */,
				91BC24E821359450009861FA /* CommentCell */,
			);
			path = HackChef;
			sourceTree = "<group>";
		};
		919CEB19211F7915007B4765 /* Fonts */ = {
			isa = PBXGroup;
			children = (
				919CEB1E211F7930007B4765 /* WorkSans-Black.ttf */,
				919CEB1F211F7930007B4765 /* WorkSans-Bold.ttf */,
				919CEB1C211F7930007B4765 /* WorkSans-ExtraBold.ttf */,
				919CEB21211F7930007B4765 /* WorkSans-ExtraLight.ttf */,
				919CEB1D211F7930007B4765 /* WorkSans-Light.ttf */,
				919CEB20211F7930007B4765 /* WorkSans-Medium.ttf */,
				919CEB1A211F7930007B4765 /* WorkSans-Regular.ttf */,
				919CEB1B211F7930007B4765 /* WorkSans-SemiBold.ttf */,
				919CEB22211F7931007B4765 /* WorkSans-Thin.ttf */,
			);
			path = Fonts;
			sourceTree = "<group>";
		};
		919CEB32211FB5E4007B4765 /* Supporting */ = {
			isa = PBXGroup;
			children = (
				9175C078212F6ECF0094CF66 /* KPActionSheet.swift */,
				9175C077212F6ECF0094CF66 /* KPItem.swift */,
				9175C079212F6ECF0094CF66 /* KPItemView.swift */,
				9175C07A212F6ED00094CF66 /* KPItemView.xib */,
				919CEB19211F7915007B4765 /* Fonts */,
				919CEB2E211F87EB007B4765 /* Extensions.swift */,
				919CEB0E211F7124007B4765 /* Assets.xcassets */,
				919CEB10211F7124007B4765 /* LaunchScreen.storyboard */,
				919CEB35211FCA64007B4765 /* Constants.swift */,
			);
			path = Supporting;
			sourceTree = "<group>";
		};
		91BC24E821359450009861FA /* CommentCell */ = {
			isa = PBXGroup;
			children = (
				9175C0842134D7F10094CF66 /* CommentCell.xib */,
				91BC24E62135942B009861FA /* CommentReplyCell.xib */,
			);
			path = CommentCell;
			sourceTree = "<group>";
		};
		E9706CBE52A671D94B39044E /* Pods */ = {
			isa = PBXGroup;
			children = (
				4F06C46D5BC43E71636FCE91 /* Pods-HackChef.debug.xcconfig */,
				DEEF422BD96CFDA8D2E1632D /* Pods-HackChef.release.xcconfig */,
			);
			name = Pods;
			sourceTree = "<group>";
		};
/* End PBXGroup section */

/* Begin PBXNativeTarget section */
		919CEB03211F7122007B4765 /* HackChef */ = {
			isa = PBXNativeTarget;
			buildConfigurationList = 919CEB16211F7124007B4765 /* Build configuration list for PBXNativeTarget "HackChef" */;
			buildPhases = (
				E09D44585947A30263F155D9 /* [CP] Check Pods Manifest.lock */,
				919CEB00211F7122007B4765 /* Sources */,
				919CEB01211F7122007B4765 /* Frameworks */,
				919CEB02211F7122007B4765 /* Resources */,
				6891B46A52087C8EAB0D592E /* [CP] Embed Pods Frameworks */,
			);
			buildRules = (
			);
			dependencies = (
			);
			name = HackChef;
			productName = HackChef;
			productReference = 919CEB04211F7123007B4765 /* HackChef.app */;
			productType = "com.apple.product-type.application";
		};
/* End PBXNativeTarget section */

/* Begin PBXProject section */
		919CEAFC211F7122007B4765 /* Project object */ = {
			isa = PBXProject;
			attributes = {
				LastSwiftUpdateCheck = 0940;
				LastUpgradeCheck = 0940;
				ORGANIZATIONNAME = bitkoin;
				TargetAttributes = {
					919CEB03211F7122007B4765 = {
						CreatedOnToolsVersion = 9.4.1;
					};
				};
			};
			buildConfigurationList = 919CEAFF211F7122007B4765 /* Build configuration list for PBXProject "HackChef" */;
			compatibilityVersion = "Xcode 9.3";
			developmentRegion = en;
			hasScannedForEncodings = 0;
			knownRegions = (
				en,
				Base,
			);
			mainGroup = 919CEAFB211F7122007B4765;
			productRefGroup = 919CEB05211F7123007B4765 /* Products */;
			projectDirPath = "";
			projectRoot = "";
			targets = (
				919CEB03211F7122007B4765 /* HackChef */,
			);
		};
/* End PBXProject section */

/* Begin PBXResourcesBuildPhase section */
		919CEB02211F7122007B4765 /* Resources */ = {
			isa = PBXResourcesBuildPhase;
			buildActionMask = 2147483647;
			files = (
				9175C07E212F6ED00094CF66 /* KPItemView.xib in Resources */,
				919CEB27211F7931007B4765 /* WorkSans-Black.ttf in Resources */,
				91BC24E72135942B009861FA /* CommentReplyCell.xib in Resources */,
				919CEB24211F7931007B4765 /* WorkSans-SemiBold.ttf in Resources */,
				919CEB28211F7931007B4765 /* WorkSans-Bold.ttf in Resources */,
				919CEB29211F7931007B4765 /* WorkSans-Medium.ttf in Resources */,
				919CEB12211F7124007B4765 /* LaunchScreen.storyboard in Resources */,
				919CEB2A211F7931007B4765 /* WorkSans-ExtraLight.ttf in Resources */,
				919CEB26211F7931007B4765 /* WorkSans-Light.ttf in Resources */,
				919CEB0F211F7124007B4765 /* Assets.xcassets in Resources */,
				919CEB0D211F7123007B4765 /* Main.storyboard in Resources */,
				919CEB2B211F7931007B4765 /* WorkSans-Thin.ttf in Resources */,
				919CEB25211F7931007B4765 /* WorkSans-ExtraBold.ttf in Resources */,
				919CEB23211F7931007B4765 /* WorkSans-Regular.ttf in Resources */,
				9175C0852134D7F10094CF66 /* CommentCell.xib in Resources */,
			);
			runOnlyForDeploymentPostprocessing = 0;
		};
/* End PBXResourcesBuildPhase section */

/* Begin PBXShellScriptBuildPhase section */
		6891B46A52087C8EAB0D592E /* [CP] Embed Pods Frameworks */ = {
			isa = PBXShellScriptBuildPhase;
			buildActionMask = 2147483647;
			files = (
			);
			inputPaths = (
				"${SRCROOT}/Pods/Target Support Files/Pods-HackChef/Pods-HackChef-frameworks.sh",
				"${BUILT_PRODUCTS_DIR}/GrowingTextView/GrowingTextView.framework",
			);
			name = "[CP] Embed Pods Frameworks";
			outputPaths = (
				"${TARGET_BUILD_DIR}/${FRAMEWORKS_FOLDER_PATH}/GrowingTextView.framework",
			);
			runOnlyForDeploymentPostprocessing = 0;
			shellPath = /bin/sh;
			shellScript = "\"${SRCROOT}/Pods/Target Support Files/Pods-HackChef/Pods-HackChef-frameworks.sh\"\n";
			showEnvVarsInLog = 0;
		};
		E09D44585947A30263F155D9 /* [CP] Check Pods Manifest.lock */ = {
			isa = PBXShellScriptBuildPhase;
			buildActionMask = 2147483647;
			files = (
			);
			inputPaths = (
				"${PODS_PODFILE_DIR_PATH}/Podfile.lock",
				"${PODS_ROOT}/Manifest.lock",
			);
			name = "[CP] Check Pods Manifest.lock";
			outputPaths = (
				"$(DERIVED_FILE_DIR)/Pods-HackChef-checkManifestLockResult.txt",
			);
			runOnlyForDeploymentPostprocessing = 0;
			shellPath = /bin/sh;
			shellScript = "diff \"${PODS_PODFILE_DIR_PATH}/Podfile.lock\" \"${PODS_ROOT}/Manifest.lock\" > /dev/null\nif [ $? != 0 ] ; then\n    # print error to STDERR\n    echo \"error: The sandbox is not in sync with the Podfile.lock. Run 'pod install' or update your CocoaPods installation.\" >&2\n    exit 1\nfi\n# This output is used by Xcode 'outputs' to avoid re-running this script phase.\necho \"SUCCESS\" > \"${SCRIPT_OUTPUT_FILE_0}\"\n";
			showEnvVarsInLog = 0;
		};
/* End PBXShellScriptBuildPhase section */

/* Begin PBXSourcesBuildPhase section */
		919CEB00211F7122007B4765 /* Sources */ = {
			isa = PBXSourcesBuildPhase;
			buildActionMask = 2147483647;
			files = (
				919CEB34211FB9C9007B4765 /* HCHighlightedButton.swift in Sources */,
				919CEB38212061AB007B4765 /* TableViewCell.swift in Sources */,
				919CEB0A211F7123007B4765 /* RecipeOverviewVC.swift in Sources */,
				91BC4448212B5BA5005EFEBF /* CookingStepViewController.swift in Sources */,
				919CEB36211FCA64007B4765 /* Constants.swift in Sources */,
				9175C0832132E3BD0094CF66 /* Comment.swift in Sources */,
				919CEB2F211F87EB007B4765 /* Extensions.swift in Sources */,
				9126D508212A435300E96247 /* CommentReplyCell.swift in Sources */,
				9126D506212A430500E96247 /* CommentCell.swift in Sources */,
				9175C07B212F6ED00094CF66 /* KPItem.swift in Sources */,
				919CEB08211F7123007B4765 /* AppDelegate.swift in Sources */,
				919CEB31211FB5CF007B4765 /* IngredientViewController.swift in Sources */,
				919CEB2D211F8738007B4765 /* DottedBorderView.swift in Sources */,
				9175C0802132E35E0094CF66 /* CommentsViewController.swift in Sources */,
				9175C07D212F6ED00094CF66 /* KPItemView.swift in Sources */,
				9175C07C212F6ED00094CF66 /* KPActionSheet.swift in Sources */,
				91A33443214532C100ED4F7D /* CookingStepNavController.swift in Sources */,
				9126D504212A37F400E96247 /* IngredientDetailViewController.swift in Sources */,
			);
			runOnlyForDeploymentPostprocessing = 0;
		};
/* End PBXSourcesBuildPhase section */

/* Begin PBXVariantGroup section */
		919CEB0B211F7123007B4765 /* Main.storyboard */ = {
			isa = PBXVariantGroup;
			children = (
				919CEB0C211F7123007B4765 /* Base */,
			);
			name = Main.storyboard;
			sourceTree = "<group>";
		};
		919CEB10211F7124007B4765 /* LaunchScreen.storyboard */ = {
			isa = PBXVariantGroup;
			children = (
				919CEB11211F7124007B4765 /* Base */,
			);
			name = LaunchScreen.storyboard;
			sourceTree = "<group>";
		};
/* End PBXVariantGroup section */

/* Begin XCBuildConfiguration section */
		919CEB14211F7124007B4765 /* Debug */ = {
			isa = XCBuildConfiguration;
			buildSettings = {
				ALWAYS_SEARCH_USER_PATHS = NO;
				CLANG_ANALYZER_NONNULL = YES;
				CLANG_ANALYZER_NUMBER_OBJECT_CONVERSION = YES_AGGRESSIVE;
				CLANG_CXX_LANGUAGE_STANDARD = "gnu++14";
				CLANG_CXX_LIBRARY = "libc++";
				CLANG_ENABLE_MODULES = YES;
				CLANG_ENABLE_OBJC_ARC = YES;
				CLANG_ENABLE_OBJC_WEAK = YES;
				CLANG_WARN_BLOCK_CAPTURE_AUTORELEASING = YES;
				CLANG_WARN_BOOL_CONVERSION = YES;
				CLANG_WARN_COMMA = YES;
				CLANG_WARN_CONSTANT_CONVERSION = YES;
				CLANG_WARN_DEPRECATED_OBJC_IMPLEMENTATIONS = YES;
				CLANG_WARN_DIRECT_OBJC_ISA_USAGE = YES_ERROR;
				CLANG_WARN_DOCUMENTATION_COMMENTS = YES;
				CLANG_WARN_EMPTY_BODY = YES;
				CLANG_WARN_ENUM_CONVERSION = YES;
				CLANG_WARN_INFINITE_RECURSION = YES;
				CLANG_WARN_INT_CONVERSION = YES;
				CLANG_WARN_NON_LITERAL_NULL_CONVERSION = YES;
				CLANG_WARN_OBJC_IMPLICIT_RETAIN_SELF = YES;
				CLANG_WARN_OBJC_LITERAL_CONVERSION = YES;
				CLANG_WARN_OBJC_ROOT_CLASS = YES_ERROR;
				CLANG_WARN_RANGE_LOOP_ANALYSIS = YES;
				CLANG_WARN_STRICT_PROTOTYPES = YES;
				CLANG_WARN_SUSPICIOUS_MOVE = YES;
				CLANG_WARN_UNGUARDED_AVAILABILITY = YES_AGGRESSIVE;
				CLANG_WARN_UNREACHABLE_CODE = YES;
				CLANG_WARN__DUPLICATE_METHOD_MATCH = YES;
				CODE_SIGN_IDENTITY = "iPhone Developer";
				COPY_PHASE_STRIP = NO;
				DEBUG_INFORMATION_FORMAT = dwarf;
				ENABLE_STRICT_OBJC_MSGSEND = YES;
				ENABLE_TESTABILITY = YES;
				GCC_C_LANGUAGE_STANDARD = gnu11;
				GCC_DYNAMIC_NO_PIC = NO;
				GCC_NO_COMMON_BLOCKS = YES;
				GCC_OPTIMIZATION_LEVEL = 0;
				GCC_PREPROCESSOR_DEFINITIONS = (
					"DEBUG=1",
					"$(inherited)",
				);
				GCC_WARN_64_TO_32_BIT_CONVERSION = YES;
				GCC_WARN_ABOUT_RETURN_TYPE = YES_ERROR;
				GCC_WARN_UNDECLARED_SELECTOR = YES;
				GCC_WARN_UNINITIALIZED_AUTOS = YES_AGGRESSIVE;
				GCC_WARN_UNUSED_FUNCTION = YES;
				GCC_WARN_UNUSED_VARIABLE = YES;
				IPHONEOS_DEPLOYMENT_TARGET = 11.4;
				MTL_ENABLE_DEBUG_INFO = YES;
				ONLY_ACTIVE_ARCH = YES;
				SDKROOT = iphoneos;
				SWIFT_ACTIVE_COMPILATION_CONDITIONS = DEBUG;
				SWIFT_OPTIMIZATION_LEVEL = "-Onone";
			};
			name = Debug;
		};
		919CEB15211F7124007B4765 /* Release */ = {
			isa = XCBuildConfiguration;
			buildSettings = {
				ALWAYS_SEARCH_USER_PATHS = NO;
				CLANG_ANALYZER_NONNULL = YES;
				CLANG_ANALYZER_NUMBER_OBJECT_CONVERSION = YES_AGGRESSIVE;
				CLANG_CXX_LANGUAGE_STANDARD = "gnu++14";
				CLANG_CXX_LIBRARY = "libc++";
				CLANG_ENABLE_MODULES = YES;
				CLANG_ENABLE_OBJC_ARC = YES;
				CLANG_ENABLE_OBJC_WEAK = YES;
				CLANG_WARN_BLOCK_CAPTURE_AUTORELEASING = YES;
				CLANG_WARN_BOOL_CONVERSION = YES;
				CLANG_WARN_COMMA = YES;
				CLANG_WARN_CONSTANT_CONVERSION = YES;
				CLANG_WARN_DEPRECATED_OBJC_IMPLEMENTATIONS = YES;
				CLANG_WARN_DIRECT_OBJC_ISA_USAGE = YES_ERROR;
				CLANG_WARN_DOCUMENTATION_COMMENTS = YES;
				CLANG_WARN_EMPTY_BODY = YES;
				CLANG_WARN_ENUM_CONVERSION = YES;
				CLANG_WARN_INFINITE_RECURSION = YES;
				CLANG_WARN_INT_CONVERSION = YES;
				CLANG_WARN_NON_LITERAL_NULL_CONVERSION = YES;
				CLANG_WARN_OBJC_IMPLICIT_RETAIN_SELF = YES;
				CLANG_WARN_OBJC_LITERAL_CONVERSION = YES;
				CLANG_WARN_OBJC_ROOT_CLASS = YES_ERROR;
				CLANG_WARN_RANGE_LOOP_ANALYSIS = YES;
				CLANG_WARN_STRICT_PROTOTYPES = YES;
				CLANG_WARN_SUSPICIOUS_MOVE = YES;
				CLANG_WARN_UNGUARDED_AVAILABILITY = YES_AGGRESSIVE;
				CLANG_WARN_UNREACHABLE_CODE = YES;
				CLANG_WARN__DUPLICATE_METHOD_MATCH = YES;
				CODE_SIGN_IDENTITY = "iPhone Developer";
				COPY_PHASE_STRIP = NO;
				DEBUG_INFORMATION_FORMAT = "dwarf-with-dsym";
				ENABLE_NS_ASSERTIONS = NO;
				ENABLE_STRICT_OBJC_MSGSEND = YES;
				GCC_C_LANGUAGE_STANDARD = gnu11;
				GCC_NO_COMMON_BLOCKS = YES;
				GCC_WARN_64_TO_32_BIT_CONVERSION = YES;
				GCC_WARN_ABOUT_RETURN_TYPE = YES_ERROR;
				GCC_WARN_UNDECLARED_SELECTOR = YES;
				GCC_WARN_UNINITIALIZED_AUTOS = YES_AGGRESSIVE;
				GCC_WARN_UNUSED_FUNCTION = YES;
				GCC_WARN_UNUSED_VARIABLE = YES;
				IPHONEOS_DEPLOYMENT_TARGET = 11.4;
				MTL_ENABLE_DEBUG_INFO = NO;
				SDKROOT = iphoneos;
				SWIFT_COMPILATION_MODE = wholemodule;
				SWIFT_OPTIMIZATION_LEVEL = "-O";
				VALIDATE_PRODUCT = YES;
			};
			name = Release;
		};
		919CEB17211F7124007B4765 /* Debug */ = {
			isa = XCBuildConfiguration;
			baseConfigurationReference = 4F06C46D5BC43E71636FCE91 /* Pods-HackChef.debug.xcconfig */;
			buildSettings = {
				ASSETCATALOG_COMPILER_APPICON_NAME = AppIcon;
				CODE_SIGN_IDENTITY = "iPhone Developer";
				CODE_SIGN_STYLE = Automatic;
				DEVELOPMENT_TEAM = L785KJVG3Z;
				INFOPLIST_FILE = HackChef/Info.plist;
				LD_RUNPATH_SEARCH_PATHS = (
					"$(inherited)",
					"@executable_path/Frameworks",
				);
				PRODUCT_BUNDLE_IDENTIFIER = com.bitkoin.HackChef;
				PRODUCT_NAME = "$(TARGET_NAME)";
				PROVISIONING_PROFILE_SPECIFIER = "";
				SWIFT_VERSION = 4.0;
				TARGETED_DEVICE_FAMILY = "1,2";
			};
			name = Debug;
		};
		919CEB18211F7124007B4765 /* Release */ = {
			isa = XCBuildConfiguration;
			baseConfigurationReference = DEEF422BD96CFDA8D2E1632D /* Pods-HackChef.release.xcconfig */;
			buildSettings = {
				ASSETCATALOG_COMPILER_APPICON_NAME = AppIcon;
				CODE_SIGN_IDENTITY = "iPhone Developer";
				CODE_SIGN_STYLE = Automatic;
				DEVELOPMENT_TEAM = L785KJVG3Z;
				INFOPLIST_FILE = HackChef/Info.plist;
				LD_RUNPATH_SEARCH_PATHS = (
					"$(inherited)",
					"@executable_path/Frameworks",
				);
				PRODUCT_BUNDLE_IDENTIFIER = com.bitkoin.HackChef;
				PRODUCT_NAME = "$(TARGET_NAME)";
				PROVISIONING_PROFILE_SPECIFIER = "";
				SWIFT_VERSION = 4.0;
				TARGETED_DEVICE_FAMILY = "1,2";
			};
			name = Release;
		};
/* End XCBuildConfiguration section */

/* Begin XCConfigurationList section */
		919CEAFF211F7122007B4765 /* Build configuration list for PBXProject "HackChef" */ = {
			isa = XCConfigurationList;
			buildConfigurations = (
				919CEB14211F7124007B4765 /* Debug */,
				919CEB15211F7124007B4765 /* Release */,
			);
			defaultConfigurationIsVisible = 0;
			defaultConfigurationName = Release;
		};
		919CEB16211F7124007B4765 /* Build configuration list for PBXNativeTarget "HackChef" */ = {
			isa = XCConfigurationList;
			buildConfigurations = (
				919CEB17211F7124007B4765 /* Debug */,
				919CEB18211F7124007B4765 /* Release */,
			);
			defaultConfigurationIsVisible = 0;
			defaultConfigurationName = Release;
		};
/* End XCConfigurationList section */
	};
	rootObject = 919CEAFC211F7122007B4765 /* Project object */;
}
